{
  "name": "vsclient",
  "version": "0.0.1",
  "lockfileVersion": 3,
  "requires": true,
  "packages": {
    "": {
      "name": "vsclient",
      "version": "0.0.1",
      "devDependencies": {
        "@types/node": "^16.18.0",
        "@types/vscode": "^1.74.0",
        "typescript": "^4.9.0",
        "vscode-jsonrpc": "^4.0.0",
        "vscode-languageclient": "^5.1.1"
      },
      "engines": {
        "vscode": "^1.79.0"
      }
    },
    "node_modules/@types/node": {
      "version": "16.18.126",
      "resolved": "https://registry.npmjs.org/@types/node/-/node-16.18.126.tgz",
      "integrity": "sha512-OTcgaiwfGFBKacvfwuHzzn1KLxH/er8mluiy8/uM3sGXHaRe73RrSIj01jow9t4kJEW633Ov+cOexXeiApTyAw==",
      "dev": true,
      "license": "MIT"
    },
    "node_modules/@types/vscode": {
      "version": "1.105.0",
      "resolved": "https://registry.npmjs.org/@types/vscode/-/vscode-1.105.0.tgz",
      "integrity": "sha512-Lotk3CTFlGZN8ray4VxJE7axIyLZZETQJVWi/lYoUVQuqfRxlQhVOfoejsD2V3dVXPSbS15ov5ZyowMAzgUqcw==",
      "dev": true,
      "license": "MIT"
    },
    "node_modules/semver": {
      "version": "5.7.2",
      "resolved": "https://registry.npmjs.org/semver/-/semver-5.7.2.tgz",
      "integrity": "sha512-cBznnQ9KjJqU67B52RMC65CMarK2600WFnbkcaiwWq3xy/5haFJlshgnpjovMVJ+Hff49d8GEn0b87C5pDQ10g==",
      "dev": true,
      "license": "ISC",
      "bin": {
        "semver": "bin/semver"
      }
    },
    "node_modules/typescript": {
      "version": "4.9.5",
      "resolved": "https://registry.npmjs.org/typescript/-/typescript-4.9.5.tgz",
      "integrity": "sha512-1FXk9E2Hm+QzZQ7z+McJiHL4NW1F2EzMu9Nq9i3zAaGqibafqYwCVU6WyWAuyQRRzOlxou8xZSyXLEN8oKj24g==",
      "dev": true,
      "license": "Apache-2.0",
      "bin": {
        "tsc": "bin/tsc",
        "tsserver": "bin/tsserver"
      },
      "engines": {
        "node": ">=4.2.0"
      }
    },
    "node_modules/vscode-jsonrpc": {
      "version": "4.0.0",
      "resolved": "https://registry.npmjs.org/vscode-jsonrpc/-/vscode-jsonrpc-4.0.0.tgz",
      "integrity": "sha512-perEnXQdQOJMTDFNv+UF3h1Y0z4iSiaN9jIlb0OqIYgosPCZGYh/MCUlkFtV2668PL69lRDO32hmvL2yiidUYg==",
      "dev": true,
      "license": "MIT",
      "engines": {
        "node": ">=8.0.0 || >=10.0.0"
      }
    },
    "node_modules/vscode-languageclient": {
      "version": "5.2.1",
      "resolved": "https://registry.npmjs.org/vscode-languageclient/-/vscode-languageclient-5.2.1.tgz",
      "integrity": "sha512-7jrS/9WnV0ruqPamN1nE7qCxn0phkH5LjSgSp9h6qoJGoeAKzwKz/PF6M+iGA/aklx4GLZg1prddhEPQtuXI1Q==",
      "dev": true,
      "license": "MIT",
      "dependencies": {
        "semver": "^5.5.0",
        "vscode-languageserver-protocol": "3.14.1"
      },
      "engines": {
        "vscode": "^1.30"
      }
    },
    "node_modules/vscode-languageclient/node_modules/vscode-languageserver-protocol": {
      "version": "3.14.1",
      "resolved": "https://registry.npmjs.org/vscode-languageserver-protocol/-/vscode-languageserver-protocol-3.14.1.tgz",
      "integrity": "sha512-IL66BLb2g20uIKog5Y2dQ0IiigW0XKrvmWiOvc0yXw80z3tMEzEnHjaGAb3ENuU7MnQqgnYJ1Cl2l9RvNgDi4g==",
      "dev": true,
      "license": "MIT",
      "dependencies": {
        "vscode-jsonrpc": "^4.0.0",
        "vscode-languageserver-types": "3.14.0"
      }
    },
    "node_modules/vscode-languageclient/node_modules/vscode-languageserver-types": {
      "version": "3.14.0",
      "resolved": "https://registry.npmjs.org/vscode-languageserver-types/-/vscode-languageserver-types-3.14.0.tgz",
      "integrity": "sha512-lTmS6AlAlMHOvPQemVwo3CezxBp0sNB95KNPkqp3Nxd5VFEnuG1ByM0zlRWos0zjO3ZWtkvhal0COgiV1xIA4A==",
      "dev": true,
      "license": "MIT"
    }
  }
}
